
Microsoft Visual Studio Solution File, Format Version 12.00
# Visual Studio Version 17
VisualStudioVersion = 17.14.36212.18 d17.14
MinimumVisualStudioVersion = 10.0.40219.1
Project("{FAE04EC0-301F-11D3-BF4B-00C04F79EFBC}") = "WpfEditor", "WpfEditor.csproj", "{968F0DFF-2F8E-4934-B501-AA216947650B}"
EndProject
Global
	GlobalSection(SolutionConfigurationPlatforms) = preSolution
		Debug|Any CPU = Debug|Any CPU
		Release|Any CPU = Release|Any CPU
	EndGlobalSection
	GlobalSection(ProjectConfigurationPlatforms) = postSolution
		{968F0DFF-2F8E-4934-B501-AA216947650B}.Debug|Any CPU.ActiveCfg = Debug|Any CPU
		{968F0DFF-2F8E-4934-B501-AA216947650B}.Debug|Any CPU.Build.0 = Debug|Any CPU
		{968F0DFF-2F8E-4934-B501-AA216947650B}.Release|Any CPU.ActiveCfg = Release|Any CPU
		{968F0DFF-2F8E-4934-B501-AA216947650B}.Release|Any CPU.Build.0 = Release|Any CPU
	EndGlobalSection
	GlobalSection(SolutionProperties) = preSolution
		HideSolutionNode = FALSE
	EndGlobalSection
	GlobalSection(ExtensibilityGlobals) = postSolution
		SolutionGuid = {912B2C0C-96FC-40D1-B0F9-5187C8D51629}
	EndGlobalSection
EndGlobal
