
Microsoft Visual Studio Solution File, Format Version 12.00
# Visual Studio Version 17
VisualStudioVersion = 17.14.36212.18 d17.14
MinimumVisualStudioVersion = 10.0.40219.1
Project("{FAE04EC0-301F-11D3-BF4B-00C04F79EFBC}") = "WpfApp1", "WpfApp1.csproj", "{B29FBA72-3FFE-43B5-A629-DAFB00D3AEF7}"
EndProject
Global
	GlobalSection(SolutionConfigurationPlatforms) = preSolution
		Debug|Any CPU = Debug|Any CPU
		Release|Any CPU = Release|Any CPU
	EndGlobalSection
	GlobalSection(ProjectConfigurationPlatforms) = postSolution
		{B29FBA72-3FFE-43B5-A629-DAFB00D3AEF7}.Debug|Any CPU.ActiveCfg = Debug|Any CPU
		{B29FBA72-3FFE-43B5-A629-DAFB00D3AEF7}.Debug|Any CPU.Build.0 = Debug|Any CPU
		{B29FBA72-3FFE-43B5-A629-DAFB00D3AEF7}.Release|Any CPU.ActiveCfg = Release|Any CPU
		{B29FBA72-3FFE-43B5-A629-DAFB00D3AEF7}.Release|Any CPU.Build.0 = Release|Any CPU
	EndGlobalSection
	GlobalSection(SolutionProperties) = preSolution
		HideSolutionNode = FALSE
	EndGlobalSection
	GlobalSection(ExtensibilityGlobals) = postSolution
		SolutionGuid = {ECD9BF03-7E88-4B02-8806-A1C2619FC6A6}
	EndGlobalSection
EndGlobal
